
Microsoft Visual Studio Solution File, Format Version 12.00
# Visual Studio Version 16
VisualStudioVersion = 16.0.30611.23
MinimumVisualStudioVersion = 10.0.40219.1
Project("{FAE04EC0-301F-11D3-BF4B-00C04F79EFBC}") = "StringAssignment", "StringAssignment\StringAssignment.csproj", "{2D4EF982-8483-4D5C-9809-579FC913C06A}"
EndProject
Global
	GlobalSection(SolutionConfigurationPlatforms) = preSolution
		Debug|Any CPU = Debug|Any CPU
		Release|Any CPU = Release|Any CPU
	EndGlobalSection
	GlobalSection(ProjectConfigurationPlatforms) = postSolution
		{2D4EF982-8483-4D5C-9809-579FC913C06A}.Debug|Any CPU.ActiveCfg = Debug|Any CPU
		{2D4EF982-8483-4D5C-9809-579FC913C06A}.Debug|Any CPU.Build.0 = Debug|Any CPU
		{2D4EF982-8483-4D5C-9809-579FC913C06A}.Release|Any CPU.ActiveCfg = Release|Any CPU
		{2D4EF982-8483-4D5C-9809-579FC913C06A}.Release|Any CPU.Build.0 = Release|Any CPU
	EndGlobalSection
	GlobalSection(SolutionProperties) = preSolution
		HideSolutionNode = FALSE
	EndGlobalSection
	GlobalSection(ExtensibilityGlobals) = postSolution
		SolutionGuid = {EFF20780-EF42-46F7-987B-EAE2CDE35536}
	EndGlobalSection
EndGlobal
