
Microsoft Visual Studio Solution File, Format Version 12.00
# Visual Studio Version 16
VisualStudioVersion = 16.0.30611.23
MinimumVisualStudioVersion = 10.0.40219.1
Project("{FAE04EC0-301F-11D3-BF4B-00C04F79EFBC}") = "Operator", "Operator\Operator.csproj", "{A367673F-7803-4324-8AB9-81295C398412}"
EndProject
Global
	GlobalSection(SolutionConfigurationPlatforms) = preSolution
		Debug|Any CPU = Debug|Any CPU
		Release|Any CPU = Release|Any CPU
	EndGlobalSection
	GlobalSection(ProjectConfigurationPlatforms) = postSolution
		{A367673F-7803-4324-8AB9-81295C398412}.Debug|Any CPU.ActiveCfg = Debug|Any CPU
		{A367673F-7803-4324-8AB9-81295C398412}.Debug|Any CPU.Build.0 = Debug|Any CPU
		{A367673F-7803-4324-8AB9-81295C398412}.Release|Any CPU.ActiveCfg = Release|Any CPU
		{A367673F-7803-4324-8AB9-81295C398412}.Release|Any CPU.Build.0 = Release|Any CPU
	EndGlobalSection
	GlobalSection(SolutionProperties) = preSolution
		HideSolutionNode = FALSE
	EndGlobalSection
	GlobalSection(ExtensibilityGlobals) = postSolution
		SolutionGuid = {691C7727-4959-448E-AF2B-23B023CF6EF9}
	EndGlobalSection
EndGlobal
