
Microsoft Visual Studio Solution File, Format Version 12.00
# Visual Studio Version 16
VisualStudioVersion = 16.0.30611.23
MinimumVisualStudioVersion = 10.0.40219.1
Project("{FAE04EC0-301F-11D3-BF4B-00C04F79EFBC}") = "InsuranceAssignment", "InsuranceAssignment\InsuranceAssignment.csproj", "{BBECDD91-6510-40F1-A361-9DE8CB5E25C8}"
EndProject
Global
	GlobalSection(SolutionConfigurationPlatforms) = preSolution
		Debug|Any CPU = Debug|Any CPU
		Release|Any CPU = Release|Any CPU
	EndGlobalSection
	GlobalSection(ProjectConfigurationPlatforms) = postSolution
		{BBECDD91-6510-40F1-A361-9DE8CB5E25C8}.Debug|Any CPU.ActiveCfg = Debug|Any CPU
		{BBECDD91-6510-40F1-A361-9DE8CB5E25C8}.Debug|Any CPU.Build.0 = Debug|Any CPU
		{BBECDD91-6510-40F1-A361-9DE8CB5E25C8}.Release|Any CPU.ActiveCfg = Release|Any CPU
		{BBECDD91-6510-40F1-A361-9DE8CB5E25C8}.Release|Any CPU.Build.0 = Release|Any CPU
	EndGlobalSection
	GlobalSection(SolutionProperties) = preSolution
		HideSolutionNode = FALSE
	EndGlobalSection
	GlobalSection(ExtensibilityGlobals) = postSolution
		SolutionGuid = {A70E636E-CF3D-4057-BAC8-A6E6D41464E3}
	EndGlobalSection
EndGlobal
