
Microsoft Visual Studio Solution File, Format Version 12.00
# Visual Studio Version 16
VisualStudioVersion = 16.0.30611.23
MinimumVisualStudioVersion = 10.0.40219.1
Project("{FAE04EC0-301F-11D3-BF4B-00C04F79EFBC}") = "ClassMethod", "ClassMethod\ClassMethod.csproj", "{7E5D3A7F-9319-4126-95EF-D4780F3D1462}"
EndProject
Global
	GlobalSection(SolutionConfigurationPlatforms) = preSolution
		Debug|Any CPU = Debug|Any CPU
		Release|Any CPU = Release|Any CPU
	EndGlobalSection
	GlobalSection(ProjectConfigurationPlatforms) = postSolution
		{7E5D3A7F-9319-4126-95EF-D4780F3D1462}.Debug|Any CPU.ActiveCfg = Debug|Any CPU
		{7E5D3A7F-9319-4126-95EF-D4780F3D1462}.Debug|Any CPU.Build.0 = Debug|Any CPU
		{7E5D3A7F-9319-4126-95EF-D4780F3D1462}.Release|Any CPU.ActiveCfg = Release|Any CPU
		{7E5D3A7F-9319-4126-95EF-D4780F3D1462}.Release|Any CPU.Build.0 = Release|Any CPU
	EndGlobalSection
	GlobalSection(SolutionProperties) = preSolution
		HideSolutionNode = FALSE
	EndGlobalSection
	GlobalSection(ExtensibilityGlobals) = postSolution
		SolutionGuid = {495F46BF-6A9D-4EBE-B4BD-FBC7FAD79D6E}
	EndGlobalSection
EndGlobal
