
Microsoft Visual Studio Solution File, Format Version 12.00
# Visual Studio Version 16
VisualStudioVersion = 16.0.30611.23
MinimumVisualStudioVersion = 10.0.40219.1
Project("{FAE04EC0-301F-11D3-BF4B-00C04F79EFBC}") = "IncomeAssignment", "IncomeAssignment\IncomeAssignment.csproj", "{BD88C09B-5C55-4E80-9A23-D39552D38D34}"
EndProject
Global
	GlobalSection(SolutionConfigurationPlatforms) = preSolution
		Debug|Any CPU = Debug|Any CPU
		Release|Any CPU = Release|Any CPU
	EndGlobalSection
	GlobalSection(ProjectConfigurationPlatforms) = postSolution
		{BD88C09B-5C55-4E80-9A23-D39552D38D34}.Debug|Any CPU.ActiveCfg = Debug|Any CPU
		{BD88C09B-5C55-4E80-9A23-D39552D38D34}.Debug|Any CPU.Build.0 = Debug|Any CPU
		{BD88C09B-5C55-4E80-9A23-D39552D38D34}.Release|Any CPU.ActiveCfg = Release|Any CPU
		{BD88C09B-5C55-4E80-9A23-D39552D38D34}.Release|Any CPU.Build.0 = Release|Any CPU
	EndGlobalSection
	GlobalSection(SolutionProperties) = preSolution
		HideSolutionNode = FALSE
	EndGlobalSection
	GlobalSection(ExtensibilityGlobals) = postSolution
		SolutionGuid = {E54FBB0F-1BC4-4138-B3E8-817AD3359AA3}
	EndGlobalSection
EndGlobal
