
Microsoft Visual Studio Solution File, Format Version 12.00
# Visual Studio Version 16
VisualStudioVersion = 16.0.30611.23
MinimumVisualStudioVersion = 10.0.40219.1
Project("{FAE04EC0-301F-11D3-BF4B-00C04F79EFBC}") = "DateTimeAssignment", "DateTimeAssignment\DateTimeAssignment.csproj", "{9250B163-518A-4B98-A726-CEC4EEEFAC67}"
EndProject
Global
	GlobalSection(SolutionConfigurationPlatforms) = preSolution
		Debug|Any CPU = Debug|Any CPU
		Release|Any CPU = Release|Any CPU
	EndGlobalSection
	GlobalSection(ProjectConfigurationPlatforms) = postSolution
		{9250B163-518A-4B98-A726-CEC4EEEFAC67}.Debug|Any CPU.ActiveCfg = Debug|Any CPU
		{9250B163-518A-4B98-A726-CEC4EEEFAC67}.Debug|Any CPU.Build.0 = Debug|Any CPU
		{9250B163-518A-4B98-A726-CEC4EEEFAC67}.Release|Any CPU.ActiveCfg = Release|Any CPU
		{9250B163-518A-4B98-A726-CEC4EEEFAC67}.Release|Any CPU.Build.0 = Release|Any CPU
	EndGlobalSection
	GlobalSection(SolutionProperties) = preSolution
		HideSolutionNode = FALSE
	EndGlobalSection
	GlobalSection(ExtensibilityGlobals) = postSolution
		SolutionGuid = {CCB63C92-463A-4B63-8024-A2BD845111C8}
	EndGlobalSection
EndGlobal
