
Microsoft Visual Studio Solution File, Format Version 12.00
# Visual Studio Version 16
VisualStudioVersion = 16.0.30611.23
MinimumVisualStudioVersion = 10.0.40219.1
Project("{FAE04EC0-301F-11D3-BF4B-00C04F79EFBC}") = "TwentyOneGame", "TwentyOneGame\TwentyOneGame.csproj", "{02BD4EB4-4768-4A11-89BE-5395C13AF411}"
EndProject
Global
	GlobalSection(SolutionConfigurationPlatforms) = preSolution
		Debug|Any CPU = Debug|Any CPU
		Release|Any CPU = Release|Any CPU
	EndGlobalSection
	GlobalSection(ProjectConfigurationPlatforms) = postSolution
		{02BD4EB4-4768-4A11-89BE-5395C13AF411}.Debug|Any CPU.ActiveCfg = Debug|Any CPU
		{02BD4EB4-4768-4A11-89BE-5395C13AF411}.Debug|Any CPU.Build.0 = Debug|Any CPU
		{02BD4EB4-4768-4A11-89BE-5395C13AF411}.Release|Any CPU.ActiveCfg = Release|Any CPU
		{02BD4EB4-4768-4A11-89BE-5395C13AF411}.Release|Any CPU.Build.0 = Release|Any CPU
	EndGlobalSection
	GlobalSection(SolutionProperties) = preSolution
		HideSolutionNode = FALSE
	EndGlobalSection
	GlobalSection(ExtensibilityGlobals) = postSolution
		SolutionGuid = {55F0B1B4-33BC-40FF-8BA7-654ECE744AEA}
	EndGlobalSection
EndGlobal
