
Microsoft Visual Studio Solution File, Format Version 12.00
# Visual Studio Version 16
VisualStudioVersion = 16.0.30611.23
MinimumVisualStudioVersion = 10.0.40219.1
Project("{FAE04EC0-301F-11D3-BF4B-00C04F79EFBC}") = "TryCatchAssignment", "TryCatchAssignment\TryCatchAssignment.csproj", "{D69E6B26-A5A8-40A6-BD4B-EEF5F9D653A0}"
EndProject
Global
	GlobalSection(SolutionConfigurationPlatforms) = preSolution
		Debug|Any CPU = Debug|Any CPU
		Release|Any CPU = Release|Any CPU
	EndGlobalSection
	GlobalSection(ProjectConfigurationPlatforms) = postSolution
		{D69E6B26-A5A8-40A6-BD4B-EEF5F9D653A0}.Debug|Any CPU.ActiveCfg = Debug|Any CPU
		{D69E6B26-A5A8-40A6-BD4B-EEF5F9D653A0}.Debug|Any CPU.Build.0 = Debug|Any CPU
		{D69E6B26-A5A8-40A6-BD4B-EEF5F9D653A0}.Release|Any CPU.ActiveCfg = Release|Any CPU
		{D69E6B26-A5A8-40A6-BD4B-EEF5F9D653A0}.Release|Any CPU.Build.0 = Release|Any CPU
	EndGlobalSection
	GlobalSection(SolutionProperties) = preSolution
		HideSolutionNode = FALSE
	EndGlobalSection
	GlobalSection(ExtensibilityGlobals) = postSolution
		SolutionGuid = {6488F96A-96F5-4165-9C6C-12EF659BE861}
	EndGlobalSection
EndGlobal
